
Microsoft Visual Studio Solution File, Format Version 12.00
# Visual Studio Version 17
VisualStudioVersion = 17.2.32630.192
MinimumVisualStudioVersion = 10.0.40219.1
Project("{9A19103F-16F7-4668-BE54-9A1E7A4F7556}") = "LeaveManagement.Web", "LeaveManagement.Web\LeaveManagement.Web.csproj", "{736ADC57-31FB-4EAC-8441-8F912CE12372}"
EndProject
Project("{9A19103F-16F7-4668-BE54-9A1E7A4F7556}") = "OCTestProject", "OCTestProject\OCTestProject.csproj", "{4776C618-0631-4EF5-8822-19362801367B}"
EndProject
Project("{9A19103F-16F7-4668-BE54-9A1E7A4F7556}") = "ConsoleQuiz", "ConsoleQuiz\ConsoleQuiz.csproj", "{C6316AD7-4438-4192-84C8-96F664174353}"
EndProject
Project("{9A19103F-16F7-4668-BE54-9A1E7A4F7556}") = "LoanProgram", "LoanProgram\LoanProgram.csproj", "{1912669F-D6AF-48B6-9EA5-B4EBC5EF042F}"
EndProject
Project("{FAE04EC0-301F-11D3-BF4B-00C04F79EFBC}") = "HousingExam", "HousingExam\HousingExam.csproj", "{371FB5E5-0E28-4042-BEA7-985439647C20}"
EndProject
Global
	GlobalSection(SolutionConfigurationPlatforms) = preSolution
		Debug|Any CPU = Debug|Any CPU
		Release|Any CPU = Release|Any CPU
	EndGlobalSection
	GlobalSection(ProjectConfigurationPlatforms) = postSolution
		{736ADC57-31FB-4EAC-8441-8F912CE12372}.Debug|Any CPU.ActiveCfg = Debug|Any CPU
		{736ADC57-31FB-4EAC-8441-8F912CE12372}.Debug|Any CPU.Build.0 = Debug|Any CPU
		{736ADC57-31FB-4EAC-8441-8F912CE12372}.Release|Any CPU.ActiveCfg = Release|Any CPU
		{736ADC57-31FB-4EAC-8441-8F912CE12372}.Release|Any CPU.Build.0 = Release|Any CPU
		{4776C618-0631-4EF5-8822-19362801367B}.Debug|Any CPU.ActiveCfg = Debug|Any CPU
		{4776C618-0631-4EF5-8822-19362801367B}.Debug|Any CPU.Build.0 = Debug|Any CPU
		{4776C618-0631-4EF5-8822-19362801367B}.Release|Any CPU.ActiveCfg = Release|Any CPU
		{4776C618-0631-4EF5-8822-19362801367B}.Release|Any CPU.Build.0 = Release|Any CPU
		{C6316AD7-4438-4192-84C8-96F664174353}.Debug|Any CPU.ActiveCfg = Debug|Any CPU
		{C6316AD7-4438-4192-84C8-96F664174353}.Debug|Any CPU.Build.0 = Debug|Any CPU
		{C6316AD7-4438-4192-84C8-96F664174353}.Release|Any CPU.ActiveCfg = Release|Any CPU
		{C6316AD7-4438-4192-84C8-96F664174353}.Release|Any CPU.Build.0 = Release|Any CPU
		{1912669F-D6AF-48B6-9EA5-B4EBC5EF042F}.Debug|Any CPU.ActiveCfg = Debug|Any CPU
		{1912669F-D6AF-48B6-9EA5-B4EBC5EF042F}.Debug|Any CPU.Build.0 = Debug|Any CPU
		{1912669F-D6AF-48B6-9EA5-B4EBC5EF042F}.Release|Any CPU.ActiveCfg = Release|Any CPU
		{1912669F-D6AF-48B6-9EA5-B4EBC5EF042F}.Release|Any CPU.Build.0 = Release|Any CPU
		{371FB5E5-0E28-4042-BEA7-985439647C20}.Debug|Any CPU.ActiveCfg = Debug|Any CPU
		{371FB5E5-0E28-4042-BEA7-985439647C20}.Debug|Any CPU.Build.0 = Debug|Any CPU
		{371FB5E5-0E28-4042-BEA7-985439647C20}.Release|Any CPU.ActiveCfg = Release|Any CPU
		{371FB5E5-0E28-4042-BEA7-985439647C20}.Release|Any CPU.Build.0 = Release|Any CPU
	EndGlobalSection
	GlobalSection(SolutionProperties) = preSolution
		HideSolutionNode = FALSE
	EndGlobalSection
	GlobalSection(ExtensibilityGlobals) = postSolution
		SolutionGuid = {3ABB1ABA-7C3D-4708-BDD1-29CCF6C5E52B}
	EndGlobalSection
EndGlobal
